<Solution>
  <Project Path="ProductManagement.Business/ProductManagement.Business.csproj" />
  <Project Path="ProductManagement.Data/ProductManagement.Data.csproj" />
  <Project Path="ProductManagement.Domain/ProductManagement.Domain.csproj" />
  <Project Path="ProductManagementUI/ProductManagementUI.csproj" />
</Solution>
